
Microsoft Visual Studio Solution File, Format Version 12.00
# Visual Studio 2013
VisualStudioVersion = 12.0.31101.0
MinimumVisualStudioVersion = 10.0.40219.1
Project("{2150E333-8FDC-42A3-9474-1A3956D46DE8}") = "00_Docs", "00_Docs", "{328BFD58-B39E-4E7D-BF04-0C7F33F25460}"
EndProject
Project("{2150E333-8FDC-42A3-9474-1A3956D46DE8}") = "01_Configs", "01_Configs", "{C53C877D-E7FF-4665-91D7-DB0E82ECA0EA}"
EndProject
Project("{2150E333-8FDC-42A3-9474-1A3956D46DE8}") = "02_Apps", "02_Apps", "{1886CC9A-9076-44DB-8B69-A4D4C736951B}"
EndProject
Project("{2150E333-8FDC-42A3-9474-1A3956D46DE8}") = "03_Services", "03_Services", "{DF3AAD42-CA31-488C-A019-E7F327EA1E2A}"
EndProject
Project("{2150E333-8FDC-42A3-9474-1A3956D46DE8}") = "04_Models", "04_Models", "{2366B529-C389-44C1-BA15-5939B91EA9A9}"
EndProject
Project("{2150E333-8FDC-42A3-9474-1A3956D46DE8}") = "99_Tests", "99_Tests", "{19F818AE-B5E7-4922-8BC1-0F1247068D9A}"
EndProject
Project("{2150E333-8FDC-42A3-9474-1A3956D46DE8}") = "Properties", "Properties", "{654071D2-BF90-4DE1-AC69-5CA90B4BFA18}"
EndProject
Project("{FAE04EC0-301F-11D3-BF4B-00C04F79EFBC}") = "FluentValidationSample.DataAnnotations", "02_Apps\FluentValidationSample.DataAnnotations\FluentValidationSample.DataAnnotations.csproj", "{20B8A76B-EACB-42FC-8FCC-E711157F1F4E}"
EndProject
Project("{FAE04EC0-301F-11D3-BF4B-00C04F79EFBC}") = "FluentValidationSample.Mvc", "02_Apps\FluentValidationSample.Mvc\FluentValidationSample.Mvc.csproj", "{53FD7D3B-D398-4C62-AD55-2102463A97AF}"
EndProject
Project("{FAE04EC0-301F-11D3-BF4B-00C04F79EFBC}") = "FluentValidationSample.IoC", "02_Apps\FluentValidationSample.IoC\FluentValidationSample.IoC.csproj", "{AA45CED2-55BE-45EA-9744-9553CDCB351D}"
EndProject
Project("{FAE04EC0-301F-11D3-BF4B-00C04F79EFBC}") = "FluentValidationSample.WebApi", "02_Apps\FluentValidationSample.WebApi\FluentValidationSample.WebApi.csproj", "{90F97E37-A53A-42A3-9213-D8F2DD3B67E6}"
EndProject
Project("{FAE04EC0-301F-11D3-BF4B-00C04F79EFBC}") = "FluentValidationSample.Tests", "99_Tests\FluentValidationSample.Tests\FluentValidationSample.Tests.csproj", "{8DF1754E-FE6C-43A6-A447-0ED0E7C621BA}"
EndProject
Project("{2150E333-8FDC-42A3-9474-1A3956D46DE8}") = ".nuget", ".nuget", "{07B06CF1-5171-47DE-8A4A-BA61FFF5EE9B}"
	ProjectSection(SolutionItems) = preProject
		.nuget\packages.config = .nuget\packages.config
	EndProjectSection
EndProject
Global
	GlobalSection(SolutionConfigurationPlatforms) = preSolution
		Debug|Any CPU = Debug|Any CPU
		Release|Any CPU = Release|Any CPU
	EndGlobalSection
	GlobalSection(ProjectConfigurationPlatforms) = postSolution
		{20B8A76B-EACB-42FC-8FCC-E711157F1F4E}.Debug|Any CPU.ActiveCfg = Debug|Any CPU
		{20B8A76B-EACB-42FC-8FCC-E711157F1F4E}.Debug|Any CPU.Build.0 = Debug|Any CPU
		{20B8A76B-EACB-42FC-8FCC-E711157F1F4E}.Release|Any CPU.ActiveCfg = Release|Any CPU
		{20B8A76B-EACB-42FC-8FCC-E711157F1F4E}.Release|Any CPU.Build.0 = Release|Any CPU
		{53FD7D3B-D398-4C62-AD55-2102463A97AF}.Debug|Any CPU.ActiveCfg = Debug|Any CPU
		{53FD7D3B-D398-4C62-AD55-2102463A97AF}.Debug|Any CPU.Build.0 = Debug|Any CPU
		{53FD7D3B-D398-4C62-AD55-2102463A97AF}.Release|Any CPU.ActiveCfg = Release|Any CPU
		{53FD7D3B-D398-4C62-AD55-2102463A97AF}.Release|Any CPU.Build.0 = Release|Any CPU
		{AA45CED2-55BE-45EA-9744-9553CDCB351D}.Debug|Any CPU.ActiveCfg = Debug|Any CPU
		{AA45CED2-55BE-45EA-9744-9553CDCB351D}.Debug|Any CPU.Build.0 = Debug|Any CPU
		{AA45CED2-55BE-45EA-9744-9553CDCB351D}.Release|Any CPU.ActiveCfg = Release|Any CPU
		{AA45CED2-55BE-45EA-9744-9553CDCB351D}.Release|Any CPU.Build.0 = Release|Any CPU
		{90F97E37-A53A-42A3-9213-D8F2DD3B67E6}.Debug|Any CPU.ActiveCfg = Debug|Any CPU
		{90F97E37-A53A-42A3-9213-D8F2DD3B67E6}.Debug|Any CPU.Build.0 = Debug|Any CPU
		{90F97E37-A53A-42A3-9213-D8F2DD3B67E6}.Release|Any CPU.ActiveCfg = Release|Any CPU
		{90F97E37-A53A-42A3-9213-D8F2DD3B67E6}.Release|Any CPU.Build.0 = Release|Any CPU
		{8DF1754E-FE6C-43A6-A447-0ED0E7C621BA}.Debug|Any CPU.ActiveCfg = Debug|Any CPU
		{8DF1754E-FE6C-43A6-A447-0ED0E7C621BA}.Debug|Any CPU.Build.0 = Debug|Any CPU
		{8DF1754E-FE6C-43A6-A447-0ED0E7C621BA}.Release|Any CPU.ActiveCfg = Release|Any CPU
		{8DF1754E-FE6C-43A6-A447-0ED0E7C621BA}.Release|Any CPU.Build.0 = Release|Any CPU
	EndGlobalSection
	GlobalSection(SolutionProperties) = preSolution
		HideSolutionNode = FALSE
	EndGlobalSection
	GlobalSection(NestedProjects) = preSolution
		{654071D2-BF90-4DE1-AC69-5CA90B4BFA18} = {328BFD58-B39E-4E7D-BF04-0C7F33F25460}
		{20B8A76B-EACB-42FC-8FCC-E711157F1F4E} = {1886CC9A-9076-44DB-8B69-A4D4C736951B}
		{53FD7D3B-D398-4C62-AD55-2102463A97AF} = {1886CC9A-9076-44DB-8B69-A4D4C736951B}
		{AA45CED2-55BE-45EA-9744-9553CDCB351D} = {1886CC9A-9076-44DB-8B69-A4D4C736951B}
		{90F97E37-A53A-42A3-9213-D8F2DD3B67E6} = {1886CC9A-9076-44DB-8B69-A4D4C736951B}
		{8DF1754E-FE6C-43A6-A447-0ED0E7C621BA} = {19F818AE-B5E7-4922-8BC1-0F1247068D9A}
	EndGlobalSection
EndGlobal
